
Microsoft Visual Studio Solution File, Format Version 12.00
# Visual Studio Version 16
VisualStudioVersion = 16.0.31005.135
MinimumVisualStudioVersion = 10.0.40219.1
Project("{9A19103F-16F7-4668-BE54-9A1E7A4F7556}") = "MorseSharp", "MorseSharp\MorseSharp.csproj", "{FE22BCFB-71CF-4253-BE6A-DF124330C876}"
EndProject
Project("{9A19103F-16F7-4668-BE54-9A1E7A4F7556}") = "MorseSharp.Core", "MorseSharp.Convert\MorseSharp.Core.csproj", "{FE3E362C-82B0-44B9-B141-73164CF5B5E4}"
EndProject
Global
	GlobalSection(SolutionConfigurationPlatforms) = preSolution
		Debug|Any CPU = Debug|Any CPU
		Release|Any CPU = Release|Any CPU
	EndGlobalSection
	GlobalSection(ProjectConfigurationPlatforms) = postSolution
		{FE22BCFB-71CF-4253-BE6A-DF124330C876}.Debug|Any CPU.ActiveCfg = Debug|Any CPU
		{FE22BCFB-71CF-4253-BE6A-DF124330C876}.Debug|Any CPU.Build.0 = Debug|Any CPU
		{FE22BCFB-71CF-4253-BE6A-DF124330C876}.Release|Any CPU.ActiveCfg = Release|Any CPU
		{FE22BCFB-71CF-4253-BE6A-DF124330C876}.Release|Any CPU.Build.0 = Release|Any CPU
		{FE3E362C-82B0-44B9-B141-73164CF5B5E4}.Debug|Any CPU.ActiveCfg = Debug|Any CPU
		{FE3E362C-82B0-44B9-B141-73164CF5B5E4}.Debug|Any CPU.Build.0 = Debug|Any CPU
		{FE3E362C-82B0-44B9-B141-73164CF5B5E4}.Release|Any CPU.ActiveCfg = Release|Any CPU
		{FE3E362C-82B0-44B9-B141-73164CF5B5E4}.Release|Any CPU.Build.0 = Release|Any CPU
	EndGlobalSection
	GlobalSection(SolutionProperties) = preSolution
		HideSolutionNode = FALSE
	EndGlobalSection
	GlobalSection(ExtensibilityGlobals) = postSolution
		SolutionGuid = {DA791698-5231-4852-88C3-12DC0CA5EAD5}
	EndGlobalSection
EndGlobal
